
Microsoft Visual Studio Solution File, Format Version 12.00
# Visual Studio Version 17
VisualStudioVersion = 17.14.36414.22 d17.14
MinimumVisualStudioVersion = 10.0.40219.1
Project("{FAE04EC0-301F-11D3-BF4B-00C04F79EFBC}") = "RelyfClient", "RelyfClient.csproj", "{EBA812C5-8BAA-44BA-886A-026E51DD47EC}"
EndProject
Global
	GlobalSection(SolutionConfigurationPlatforms) = preSolution
		Debug|Any CPU = Debug|Any CPU
		Release|Any CPU = Release|Any CPU
	EndGlobalSection
	GlobalSection(ProjectConfigurationPlatforms) = postSolution
		{EBA812C5-8BAA-44BA-886A-026E51DD47EC}.Debug|Any CPU.ActiveCfg = Debug|Any CPU
		{EBA812C5-8BAA-44BA-886A-026E51DD47EC}.Debug|Any CPU.Build.0 = Debug|Any CPU
		{EBA812C5-8BAA-44BA-886A-026E51DD47EC}.Release|Any CPU.ActiveCfg = Release|Any CPU
		{EBA812C5-8BAA-44BA-886A-026E51DD47EC}.Release|Any CPU.Build.0 = Release|Any CPU
	EndGlobalSection
	GlobalSection(SolutionProperties) = preSolution
		HideSolutionNode = FALSE
	EndGlobalSection
	GlobalSection(ExtensibilityGlobals) = postSolution
		SolutionGuid = {2BC86F8D-832B-4A1E-955C-23ECA584CBEF}
	EndGlobalSection
EndGlobal
